# This file is autogenerated, do not edit; changes may be undone by the next 'dep ensure'.


[[projects]]
  branch = "master"
  digest = "1:630329fb77c39ee5ffc585e07007243ac85f472ad0de0bbfed3df59f3d94529e"
  name = "github.com/faiface/glhf"
  packages = ["."]
  pruneopts = "UT"
  revision = "98c0391c0fd3f0b365cfe5d467ac162b79dfb002"

[[projects]]
  branch = "master"
  digest = "1:f43ae18fea96ddd49340e65001d1b556e2dba024228a93ee9eec25fe3fe52939"
  name = "github.com/faiface/mainthread"
  packages = ["."]
  pruneopts = "UT"
  revision = "8b78f0a41ae388189090ac4506612659fa53082b"

[[projects]]
  digest = "1:6ad43926a5c3ff69bcc481987d5e01c2819c4f7585ecdd0f81ffd6c2fc4fd8a5"
  name = "github.com/faiface/pixel"
  packages = [
    ".",
    "imdraw",
    "pixelgl",
    "text",
  ]
  pruneopts = "UT"
  revision = "2d9a739e406f1f7093747c599d844e50c6e92d0e"
  version = "v0.7"

[[projects]]
  branch = "master"
  digest = "1:3a6757317b9165dd4952241d64e28ddf075b8b18058b1df1681bb6520e462eea"
  name = "github.com/go-gl/gl"
  packages = ["v3.3-core/gl"]
  pruneopts = "UT"
  revision = "68e2537930806bfcee1b92a0e14b4e9b8bb3a3e3"

[[projects]]
  branch = "master"
  digest = "1:de831c589224e912662a0334495df23b7619796e9bbede6b8a44eaaffc635272"
  name = "github.com/go-gl/glfw"
  packages = ["v3.2/glfw"]
  pruneopts = "T"
  revision = "2484f3e51bc432ea9f7daa182e418d5522201176"

[[projects]]
  branch = "master"
  digest = "1:208382238a5b6e9a1a01e7f82e2dd3b80c0305fd622247f1ba6360805d398225"
  name = "github.com/go-gl/mathgl"
  packages = ["mgl32"]
  pruneopts = "UT"
  revision = "cdf14b6b8f8a4a1bfb003dd5119205c5f711d85a"

[[projects]]
  digest = "1:b793158861dda5660883cc91ed3ba69b9b4e3bccff97feb08c34a2fc11b93228"
  name = "github.com/gobuffalo/packr"
  packages = ["."]
  pruneopts = "UT"
  revision = "ee1318b82b25993be2f7161d48315e1f14697528"
  version = "v1.13.3"

[[projects]]
  branch = "master"
  digest = "1:62c57507df491b657e9ae2645f30958d9964c8eeb380600469eedc951ebb3a0e"
  name = "github.com/golang/freetype"
  packages = [
    "raster",
    "truetype",
  ]
  pruneopts = "UT"
  revision = "e2365dfdc4a05e4b8299a783240d4a7d5a65d4e4"

[[projects]]
  digest = "1:bc38c7c481812e178d85160472e231c5e1c9a7f5845d67e23ee4e706933c10d8"
  name = "github.com/golang/mock"
  packages = ["gomock"]
  pruneopts = "UT"
  revision = "c34cdb4725f4c3844d095133c6e40e448b86589b"
  version = "v1.1.1"

[[projects]]
  digest = "1:5d1b5a25486fc7d4e133646d834f6fca7ba1cef9903d40e7aa786c41b89e9e91"
  name = "github.com/golang/protobuf"
  packages = [
    "proto",
    "protoc-gen-go/descriptor",
    "ptypes",
    "ptypes/any",
    "ptypes/duration",
    "ptypes/timestamp",
  ]
  pruneopts = "UT"
  revision = "aa810b61a9c79d51363740d207bb46cf8e620ed5"
  version = "v1.2.0"

[[projects]]
  branch = "master"
  digest = "1:f14d1b50e0075fb00177f12a96dd7addf93d1e2883c25befd17285b779549795"
  name = "github.com/gopherjs/gopherjs"
  packages = ["js"]
  pruneopts = "UT"
  revision = "0210a2f0f73c96103378b0b935f39868e5731809"

[[projects]]
  branch = "master"
  digest = "1:55b591e50491c705f7989ee2a35bf28b160e0d78707a89a54a671c26b00a3937"
  name = "github.com/hidez8891/shm"
  packages = ["."]
  pruneopts = "UT"
  revision = "da172d176d6ba537ba5e23aeb77e20d7e12b94af"

[[projects]]
  digest = "1:40e195917a951a8bf867cd05de2a46aaf1806c50cf92eebf4c16f78cd196f747"
  name = "github.com/pkg/errors"
  packages = ["."]
  pruneopts = "UT"
  revision = "645ef00459ed84a119197bfb8d8205042c6df63d"
  version = "v0.8.0"

[[projects]]
  branch = "master"
  digest = "1:58196d525071dc1bf11b2a393a715d16df1a521f84b32027522e79279e522e63"
  name = "github.com/therecipe/qt"
  packages = [
    ".",
    "core",
    "gui",
    "network",
    "qml",
  ]
  pruneopts = "UT"
  revision = "3cb140eaf569f42241c0d8c0ca4574f7b640fa34"

[[projects]]
  branch = "master"
  digest = "1:48aa7de699cc2cafdacbe1ebc5860c8c1a9d3b489957b8b276933fa1861c2a59"
  name = "golang.org/x/image"
  packages = [
    "colornames",
    "font",
    "font/basicfont",
    "font/plan9font",
    "math/f32",
    "math/fixed",
  ]
  pruneopts = "UT"
  revision = "c73c2afc3b812cdd6385de5a50616511c4a3d458"

[[projects]]
  branch = "master"
  digest = "1:07037360fbd8c966f74836e3306f18505ea31cd0e4b8a861294cba2b53c2aa1c"
  name = "golang.org/x/net"
  packages = [
    "context",
    "html",
    "html/atom",
    "http/httpguts",
    "http2",
    "http2/hpack",
    "idna",
    "internal/timeseries",
    "trace",
  ]
  pruneopts = "UT"
  revision = "8a410e7b638dca158bf9e766925842f6651ff828"

[[projects]]
  branch = "master"
  digest = "1:4b487c782bc804d994e91adbd3d2a8a77a482671efd87b2fde0805adb01a39c0"
  name = "golang.org/x/sys"
  packages = ["unix"]
  pruneopts = "UT"
  revision = "fa5fdf94c78965f1aa8423f0cc50b8b8d728b05a"

[[projects]]
  digest = "1:a2ab62866c75542dd18d2b069fec854577a20211d7c0ea6ae746072a1dccdd18"
  name = "golang.org/x/text"
  packages = [
    "collate",
    "collate/build",
    "internal/colltab",
    "internal/gen",
    "internal/tag",
    "internal/triegen",
    "internal/ucd",
    "language",
    "secure/bidirule",
    "transform",
    "unicode/bidi",
    "unicode/cldr",
    "unicode/norm",
    "unicode/rangetable",
  ]
  pruneopts = "UT"
  revision = "f21a4dfb5e38f5895301dc265a8def02365cc3d0"
  version = "v0.3.0"

[[projects]]
  branch = "master"
  digest = "1:077c1c599507b3b3e9156d17d36e1e61928ee9b53a5b420f10f28ebd4a0b275c"
  name = "google.golang.org/genproto"
  packages = ["googleapis/rpc/status"]
  pruneopts = "UT"
  revision = "11092d34479b07829b72e10713b159248caf5dad"

[[projects]]
  digest = "1:76332e947f184a2dc091db40f22c7089ada36bbc577793074639695af85a10fd"
  name = "google.golang.org/grpc"
  packages = [
    ".",
    "balancer",
    "balancer/base",
    "balancer/roundrobin",
    "codes",
    "connectivity",
    "credentials",
    "encoding",
    "encoding/proto",
    "grpclog",
    "internal",
    "internal/backoff",
    "internal/channelz",
    "internal/envconfig",
    "internal/grpcrand",
    "internal/transport",
    "keepalive",
    "metadata",
    "naming",
    "peer",
    "reflection",
    "reflection/grpc_reflection_v1alpha",
    "resolver",
    "resolver/dns",
    "resolver/passthrough",
    "stats",
    "status",
    "tap",
  ]
  pruneopts = "UT"
  revision = "32fb0ac620c32ba40a4626ddf94d90d12cce3455"
  version = "v1.14.0"

[solve-meta]
  analyzer-name = "dep"
  analyzer-version = 1
  input-imports = [
    "github.com/faiface/pixel",
    "github.com/faiface/pixel/imdraw",
    "github.com/faiface/pixel/pixelgl",
    "github.com/faiface/pixel/text",
    "github.com/gobuffalo/packr",
    "github.com/golang/freetype/truetype",
    "github.com/golang/mock/gomock",
    "github.com/golang/protobuf/proto",
    "github.com/hidez8891/shm",
    "github.com/pkg/errors",
    "github.com/therecipe/qt",
    "github.com/therecipe/qt/core",
    "github.com/therecipe/qt/gui",
    "github.com/therecipe/qt/qml",
    "golang.org/x/image/colornames",
    "golang.org/x/image/font",
    "golang.org/x/net/context",
    "google.golang.org/grpc",
    "google.golang.org/grpc/connectivity",
    "google.golang.org/grpc/metadata",
    "google.golang.org/grpc/reflection",
  ]
  solver-name = "gps-cdcl"
  solver-version = 1
